
Microsoft Visual Studio Solution File, Format Version 12.00
# Visual Studio Version 16
VisualStudioVersion = 25.0.1700.0
MinimumVisualStudioVersion = 10.0.40219.1
Project("{FAE04EC0-301F-11D3-BF4B-00C04F79EFBC}") = "PDBroker", "PDBroker\PDBroker.csproj", "{33364895-AF20-4BC5-8DAC-8E9295D00D4C}"
EndProject
Project("{FAE04EC0-301F-11D3-BF4B-00C04F79EFBC}") = "PDClient", "PDClient\PDClient.csproj", "{CDEBD6BD-166E-4D60-8702-FCCC6B1FF82A}"
EndProject
Project("{FAE04EC0-301F-11D3-BF4B-00C04F79EFBC}") = "PDCore", "PDCore\PDCore.csproj", "{766843FB-4DE7-4E28-BD79-073DD2A88DB2}"
EndProject
Global
	GlobalSection(SolutionConfigurationPlatforms) = preSolution
		Debug|Any CPU = Debug|Any CPU
		Release|Any CPU = Release|Any CPU
	EndGlobalSection
	GlobalSection(ProjectConfigurationPlatforms) = postSolution
		{33364895-AF20-4BC5-8DAC-8E9295D00D4C}.Debug|Any CPU.ActiveCfg = Debug|Any CPU
		{33364895-AF20-4BC5-8DAC-8E9295D00D4C}.Debug|Any CPU.Build.0 = Debug|Any CPU
		{33364895-AF20-4BC5-8DAC-8E9295D00D4C}.Release|Any CPU.ActiveCfg = Release|Any CPU
		{33364895-AF20-4BC5-8DAC-8E9295D00D4C}.Release|Any CPU.Build.0 = Release|Any CPU
		{CDEBD6BD-166E-4D60-8702-FCCC6B1FF82A}.Debug|Any CPU.ActiveCfg = Debug|Any CPU
		{CDEBD6BD-166E-4D60-8702-FCCC6B1FF82A}.Debug|Any CPU.Build.0 = Debug|Any CPU
		{CDEBD6BD-166E-4D60-8702-FCCC6B1FF82A}.Release|Any CPU.ActiveCfg = Release|Any CPU
		{CDEBD6BD-166E-4D60-8702-FCCC6B1FF82A}.Release|Any CPU.Build.0 = Release|Any CPU
		{766843FB-4DE7-4E28-BD79-073DD2A88DB2}.Debug|Any CPU.ActiveCfg = Debug|Any CPU
		{766843FB-4DE7-4E28-BD79-073DD2A88DB2}.Debug|Any CPU.Build.0 = Debug|Any CPU
		{766843FB-4DE7-4E28-BD79-073DD2A88DB2}.Release|Any CPU.ActiveCfg = Release|Any CPU
		{766843FB-4DE7-4E28-BD79-073DD2A88DB2}.Release|Any CPU.Build.0 = Release|Any CPU
	EndGlobalSection
	GlobalSection(SolutionProperties) = preSolution
		HideSolutionNode = FALSE
	EndGlobalSection
	GlobalSection(ExtensibilityGlobals) = postSolution
		SolutionGuid = {4704F04C-0E9B-4777-9B8F-E750BFC28BA7}
	EndGlobalSection
EndGlobal
